
Microsoft Visual Studio Solution File, Format Version 12.00
# Visual Studio Version 16
VisualStudioVersion = 16.0.29613.14
MinimumVisualStudioVersion = 10.0.40219.1
Project("{FAE04EC0-301F-11D3-BF4B-00C04F79EFBC}") = "ConsoleApp1", "ConsoleApp1\ConsoleApp1.csproj", "{43379F2B-C098-4F7D-9C8E-31EF10C38764}"
EndProject
Global
	GlobalSection(SolutionConfigurationPlatforms) = preSolution
		Debug|Any CPU = Debug|Any CPU
		Release|Any CPU = Release|Any CPU
	EndGlobalSection
	GlobalSection(ProjectConfigurationPlatforms) = postSolution
		{43379F2B-C098-4F7D-9C8E-31EF10C38764}.Debug|Any CPU.ActiveCfg = Debug|Any CPU
		{43379F2B-C098-4F7D-9C8E-31EF10C38764}.Debug|Any CPU.Build.0 = Debug|Any CPU
		{43379F2B-C098-4F7D-9C8E-31EF10C38764}.Release|Any CPU.ActiveCfg = Release|Any CPU
		{43379F2B-C098-4F7D-9C8E-31EF10C38764}.Release|Any CPU.Build.0 = Release|Any CPU
	EndGlobalSection
	GlobalSection(SolutionProperties) = preSolution
		HideSolutionNode = FALSE
	EndGlobalSection
	GlobalSection(ExtensibilityGlobals) = postSolution
		SolutionGuid = {69162A36-02D1-4EBE-88DF-1BBFD0F147BE}
	EndGlobalSection
EndGlobal
